
Microsoft Visual Studio Solution File, Format Version 12.00
# Visual Studio 15
VisualStudioVersion = 15.0.27428.2043
MinimumVisualStudioVersion = 10.0.40219.1
Project("{FAE04EC0-301F-11D3-BF4B-00C04F79EFBC}") = "Neko3csMailer", "Neko3csMailer\Neko3csMailer\Neko3csMailer.csproj", "{C69A7538-CCC9-4682-9F1E-C202F3CFA6DB}"
EndProject
Project("{FAE04EC0-301F-11D3-BF4B-00C04F79EFBC}") = "Neko3csMailer.Android", "Neko3csMailer\Neko3csMailer.Android\Neko3csMailer.Android.csproj", "{E50FEE0E-6A33-44D7-B0BF-53229212A170}"
EndProject
Project("{FAE04EC0-301F-11D3-BF4B-00C04F79EFBC}") = "Neko3csMailer.iOS", "Neko3csMailer\Neko3csMailer.iOS\Neko3csMailer.iOS.csproj", "{E5919CFE-D1E3-41CE-9626-FB90B808A6D0}"
EndProject
Global
	GlobalSection(SolutionConfigurationPlatforms) = preSolution
		Ad-Hoc|Any CPU = Ad-Hoc|Any CPU
		Ad-Hoc|ARM = Ad-Hoc|ARM
		Ad-Hoc|iPhone = Ad-Hoc|iPhone
		Ad-Hoc|iPhoneSimulator = Ad-Hoc|iPhoneSimulator
		Ad-Hoc|x64 = Ad-Hoc|x64
		Ad-Hoc|x86 = Ad-Hoc|x86
		AppStore|Any CPU = AppStore|Any CPU
		AppStore|ARM = AppStore|ARM
		AppStore|iPhone = AppStore|iPhone
		AppStore|iPhoneSimulator = AppStore|iPhoneSimulator
		AppStore|x64 = AppStore|x64
		AppStore|x86 = AppStore|x86
		Debug|Any CPU = Debug|Any CPU
		Debug|ARM = Debug|ARM
		Debug|iPhone = Debug|iPhone
		Debug|iPhoneSimulator = Debug|iPhoneSimulator
		Debug|x64 = Debug|x64
		Debug|x86 = Debug|x86
		Release|Any CPU = Release|Any CPU
		Release|ARM = Release|ARM
		Release|iPhone = Release|iPhone
		Release|iPhoneSimulator = Release|iPhoneSimulator
		Release|x64 = Release|x64
		Release|x86 = Release|x86
	EndGlobalSection
	GlobalSection(ProjectConfigurationPlatforms) = postSolution
		{C69A7538-CCC9-4682-9F1E-C202F3CFA6DB}.Ad-Hoc|Any CPU.ActiveCfg = Debug|Any CPU
		{C69A7538-CCC9-4682-9F1E-C202F3CFA6DB}.Ad-Hoc|Any CPU.Build.0 = Debug|Any CPU
		{C69A7538-CCC9-4682-9F1E-C202F3CFA6DB}.Ad-Hoc|ARM.ActiveCfg = Debug|Any CPU
		{C69A7538-CCC9-4682-9F1E-C202F3CFA6DB}.Ad-Hoc|ARM.Build.0 = Debug|Any CPU
		{C69A7538-CCC9-4682-9F1E-C202F3CFA6DB}.Ad-Hoc|iPhone.ActiveCfg = Debug|Any CPU
		{C69A7538-CCC9-4682-9F1E-C202F3CFA6DB}.Ad-Hoc|iPhone.Build.0 = Debug|Any CPU
		{C69A7538-CCC9-4682-9F1E-C202F3CFA6DB}.Ad-Hoc|iPhoneSimulator.ActiveCfg = Debug|Any CPU
		{C69A7538-CCC9-4682-9F1E-C202F3CFA6DB}.Ad-Hoc|iPhoneSimulator.Build.0 = Debug|Any CPU
		{C69A7538-CCC9-4682-9F1E-C202F3CFA6DB}.Ad-Hoc|x64.ActiveCfg = Debug|Any CPU
		{C69A7538-CCC9-4682-9F1E-C202F3CFA6DB}.Ad-Hoc|x64.Build.0 = Debug|Any CPU
		{C69A7538-CCC9-4682-9F1E-C202F3CFA6DB}.Ad-Hoc|x86.ActiveCfg = Debug|Any CPU
		{C69A7538-CCC9-4682-9F1E-C202F3CFA6DB}.Ad-Hoc|x86.Build.0 = Debug|Any CPU
		{C69A7538-CCC9-4682-9F1E-C202F3CFA6DB}.AppStore|Any CPU.ActiveCfg = Debug|Any CPU
		{C69A7538-CCC9-4682-9F1E-C202F3CFA6DB}.AppStore|Any CPU.Build.0 = Debug|Any CPU
		{C69A7538-CCC9-4682-9F1E-C202F3CFA6DB}.AppStore|ARM.ActiveCfg = Debug|Any CPU
		{C69A7538-CCC9-4682-9F1E-C202F3CFA6DB}.AppStore|ARM.Build.0 = Debug|Any CPU
		{C69A7538-CCC9-4682-9F1E-C202F3CFA6DB}.AppStore|iPhone.ActiveCfg = Debug|Any CPU
		{C69A7538-CCC9-4682-9F1E-C202F3CFA6DB}.AppStore|iPhone.Build.0 = Debug|Any CPU
		{C69A7538-CCC9-4682-9F1E-C202F3CFA6DB}.AppStore|iPhoneSimulator.ActiveCfg = Debug|Any CPU
		{C69A7538-CCC9-4682-9F1E-C202F3CFA6DB}.AppStore|iPhoneSimulator.Build.0 = Debug|Any CPU
		{C69A7538-CCC9-4682-9F1E-C202F3CFA6DB}.AppStore|x64.ActiveCfg = Debug|Any CPU
		{C69A7538-CCC9-4682-9F1E-C202F3CFA6DB}.AppStore|x64.Build.0 = Debug|Any CPU
		{C69A7538-CCC9-4682-9F1E-C202F3CFA6DB}.AppStore|x86.ActiveCfg = Debug|Any CPU
		{C69A7538-CCC9-4682-9F1E-C202F3CFA6DB}.AppStore|x86.Build.0 = Debug|Any CPU
		{C69A7538-CCC9-4682-9F1E-C202F3CFA6DB}.Debug|Any CPU.ActiveCfg = Debug|Any CPU
		{C69A7538-CCC9-4682-9F1E-C202F3CFA6DB}.Debug|Any CPU.Build.0 = Debug|Any CPU
		{C69A7538-CCC9-4682-9F1E-C202F3CFA6DB}.Debug|ARM.ActiveCfg = Debug|Any CPU
		{C69A7538-CCC9-4682-9F1E-C202F3CFA6DB}.Debug|ARM.Build.0 = Debug|Any CPU
		{C69A7538-CCC9-4682-9F1E-C202F3CFA6DB}.Debug|iPhone.ActiveCfg = Debug|Any CPU
		{C69A7538-CCC9-4682-9F1E-C202F3CFA6DB}.Debug|iPhone.Build.0 = Debug|Any CPU
		{C69A7538-CCC9-4682-9F1E-C202F3CFA6DB}.Debug|iPhoneSimulator.ActiveCfg = Debug|Any CPU
		{C69A7538-CCC9-4682-9F1E-C202F3CFA6DB}.Debug|iPhoneSimulator.Build.0 = Debug|Any CPU
		{C69A7538-CCC9-4682-9F1E-C202F3CFA6DB}.Debug|x64.ActiveCfg = Debug|Any CPU
		{C69A7538-CCC9-4682-9F1E-C202F3CFA6DB}.Debug|x64.Build.0 = Debug|Any CPU
		{C69A7538-CCC9-4682-9F1E-C202F3CFA6DB}.Debug|x86.ActiveCfg = Debug|Any CPU
		{C69A7538-CCC9-4682-9F1E-C202F3CFA6DB}.Debug|x86.Build.0 = Debug|Any CPU
		{C69A7538-CCC9-4682-9F1E-C202F3CFA6DB}.Release|Any CPU.ActiveCfg = Release|Any CPU
		{C69A7538-CCC9-4682-9F1E-C202F3CFA6DB}.Release|Any CPU.Build.0 = Release|Any CPU
		{C69A7538-CCC9-4682-9F1E-C202F3CFA6DB}.Release|ARM.ActiveCfg = Release|Any CPU
		{C69A7538-CCC9-4682-9F1E-C202F3CFA6DB}.Release|ARM.Build.0 = Release|Any CPU
		{C69A7538-CCC9-4682-9F1E-C202F3CFA6DB}.Release|iPhone.ActiveCfg = Release|Any CPU
		{C69A7538-CCC9-4682-9F1E-C202F3CFA6DB}.Release|iPhone.Build.0 = Release|Any CPU
		{C69A7538-CCC9-4682-9F1E-C202F3CFA6DB}.Release|iPhoneSimulator.ActiveCfg = Release|Any CPU
		{C69A7538-CCC9-4682-9F1E-C202F3CFA6DB}.Release|iPhoneSimulator.Build.0 = Release|Any CPU
		{C69A7538-CCC9-4682-9F1E-C202F3CFA6DB}.Release|x64.ActiveCfg = Release|Any CPU
		{C69A7538-CCC9-4682-9F1E-C202F3CFA6DB}.Release|x64.Build.0 = Release|Any CPU
		{C69A7538-CCC9-4682-9F1E-C202F3CFA6DB}.Release|x86.ActiveCfg = Release|Any CPU
		{C69A7538-CCC9-4682-9F1E-C202F3CFA6DB}.Release|x86.Build.0 = Release|Any CPU
		{E50FEE0E-6A33-44D7-B0BF-53229212A170}.Ad-Hoc|Any CPU.ActiveCfg = Release|Any CPU
		{E50FEE0E-6A33-44D7-B0BF-53229212A170}.Ad-Hoc|Any CPU.Build.0 = Release|Any CPU
		{E50FEE0E-6A33-44D7-B0BF-53229212A170}.Ad-Hoc|Any CPU.Deploy.0 = Release|Any CPU
		{E50FEE0E-6A33-44D7-B0BF-53229212A170}.Ad-Hoc|ARM.ActiveCfg = Release|Any CPU
		{E50FEE0E-6A33-44D7-B0BF-53229212A170}.Ad-Hoc|ARM.Build.0 = Release|Any CPU
		{E50FEE0E-6A33-44D7-B0BF-53229212A170}.Ad-Hoc|ARM.Deploy.0 = Release|Any CPU
		{E50FEE0E-6A33-44D7-B0BF-53229212A170}.Ad-Hoc|iPhone.ActiveCfg = Release|Any CPU
		{E50FEE0E-6A33-44D7-B0BF-53229212A170}.Ad-Hoc|iPhone.Build.0 = Release|Any CPU
		{E50FEE0E-6A33-44D7-B0BF-53229212A170}.Ad-Hoc|iPhone.Deploy.0 = Release|Any CPU
		{E50FEE0E-6A33-44D7-B0BF-53229212A170}.Ad-Hoc|iPhoneSimulator.ActiveCfg = Release|Any CPU
		{E50FEE0E-6A33-44D7-B0BF-53229212A170}.Ad-Hoc|iPhoneSimulator.Build.0 = Release|Any CPU
		{E50FEE0E-6A33-44D7-B0BF-53229212A170}.Ad-Hoc|iPhoneSimulator.Deploy.0 = Release|Any CPU
		{E50FEE0E-6A33-44D7-B0BF-53229212A170}.Ad-Hoc|x64.ActiveCfg = Release|Any CPU
		{E50FEE0E-6A33-44D7-B0BF-53229212A170}.Ad-Hoc|x64.Build.0 = Release|Any CPU
		{E50FEE0E-6A33-44D7-B0BF-53229212A170}.Ad-Hoc|x64.Deploy.0 = Release|Any CPU
		{E50FEE0E-6A33-44D7-B0BF-53229212A170}.Ad-Hoc|x86.ActiveCfg = Release|Any CPU
		{E50FEE0E-6A33-44D7-B0BF-53229212A170}.Ad-Hoc|x86.Build.0 = Release|Any CPU
		{E50FEE0E-6A33-44D7-B0BF-53229212A170}.Ad-Hoc|x86.Deploy.0 = Release|Any CPU
		{E50FEE0E-6A33-44D7-B0BF-53229212A170}.AppStore|Any CPU.ActiveCfg = Release|Any CPU
		{E50FEE0E-6A33-44D7-B0BF-53229212A170}.AppStore|Any CPU.Build.0 = Release|Any CPU
		{E50FEE0E-6A33-44D7-B0BF-53229212A170}.AppStore|Any CPU.Deploy.0 = Release|Any CPU
		{E50FEE0E-6A33-44D7-B0BF-53229212A170}.AppStore|ARM.ActiveCfg = Release|Any CPU
		{E50FEE0E-6A33-44D7-B0BF-53229212A170}.AppStore|ARM.Build.0 = Release|Any CPU
		{E50FEE0E-6A33-44D7-B0BF-53229212A170}.AppStore|ARM.Deploy.0 = Release|Any CPU
		{E50FEE0E-6A33-44D7-B0BF-53229212A170}.AppStore|iPhone.ActiveCfg = Release|Any CPU
		{E50FEE0E-6A33-44D7-B0BF-53229212A170}.AppStore|iPhone.Build.0 = Release|Any CPU
		{E50FEE0E-6A33-44D7-B0BF-53229212A170}.AppStore|iPhone.Deploy.0 = Release|Any CPU
		{E50FEE0E-6A33-44D7-B0BF-53229212A170}.AppStore|iPhoneSimulator.ActiveCfg = Release|Any CPU
		{E50FEE0E-6A33-44D7-B0BF-53229212A170}.AppStore|iPhoneSimulator.Build.0 = Release|Any CPU
		{E50FEE0E-6A33-44D7-B0BF-53229212A170}.AppStore|iPhoneSimulator.Deploy.0 = Release|Any CPU
		{E50FEE0E-6A33-44D7-B0BF-53229212A170}.AppStore|x64.ActiveCfg = Release|Any CPU
		{E50FEE0E-6A33-44D7-B0BF-53229212A170}.AppStore|x64.Build.0 = Release|Any CPU
		{E50FEE0E-6A33-44D7-B0BF-53229212A170}.AppStore|x64.Deploy.0 = Release|Any CPU
		{E50FEE0E-6A33-44D7-B0BF-53229212A170}.AppStore|x86.ActiveCfg = Release|Any CPU
		{E50FEE0E-6A33-44D7-B0BF-53229212A170}.AppStore|x86.Build.0 = Release|Any CPU
		{E50FEE0E-6A33-44D7-B0BF-53229212A170}.AppStore|x86.Deploy.0 = Release|Any CPU
		{E50FEE0E-6A33-44D7-B0BF-53229212A170}.Debug|Any CPU.ActiveCfg = Debug|Any CPU
		{E50FEE0E-6A33-44D7-B0BF-53229212A170}.Debug|Any CPU.Build.0 = Debug|Any CPU
		{E50FEE0E-6A33-44D7-B0BF-53229212A170}.Debug|Any CPU.Deploy.0 = Debug|Any CPU
		{E50FEE0E-6A33-44D7-B0BF-53229212A170}.Debug|ARM.ActiveCfg = Debug|Any CPU
		{E50FEE0E-6A33-44D7-B0BF-53229212A170}.Debug|ARM.Build.0 = Debug|Any CPU
		{E50FEE0E-6A33-44D7-B0BF-53229212A170}.Debug|ARM.Deploy.0 = Debug|Any CPU
		{E50FEE0E-6A33-44D7-B0BF-53229212A170}.Debug|iPhone.ActiveCfg = Debug|Any CPU
		{E50FEE0E-6A33-44D7-B0BF-53229212A170}.Debug|iPhone.Build.0 = Debug|Any CPU
		{E50FEE0E-6A33-44D7-B0BF-53229212A170}.Debug|iPhone.Deploy.0 = Debug|Any CPU
		{E50FEE0E-6A33-44D7-B0BF-53229212A170}.Debug|iPhoneSimulator.ActiveCfg = Debug|Any CPU
		{E50FEE0E-6A33-44D7-B0BF-53229212A170}.Debug|iPhoneSimulator.Build.0 = Debug|Any CPU
		{E50FEE0E-6A33-44D7-B0BF-53229212A170}.Debug|iPhoneSimulator.Deploy.0 = Debug|Any CPU
		{E50FEE0E-6A33-44D7-B0BF-53229212A170}.Debug|x64.ActiveCfg = Debug|Any CPU
		{E50FEE0E-6A33-44D7-B0BF-53229212A170}.Debug|x64.Build.0 = Debug|Any CPU
		{E50FEE0E-6A33-44D7-B0BF-53229212A170}.Debug|x64.Deploy.0 = Debug|Any CPU
		{E50FEE0E-6A33-44D7-B0BF-53229212A170}.Debug|x86.ActiveCfg = Debug|Any CPU
		{E50FEE0E-6A33-44D7-B0BF-53229212A170}.Debug|x86.Build.0 = Debug|Any CPU
		{E50FEE0E-6A33-44D7-B0BF-53229212A170}.Debug|x86.Deploy.0 = Debug|Any CPU
		{E50FEE0E-6A33-44D7-B0BF-53229212A170}.Release|Any CPU.ActiveCfg = Release|Any CPU
		{E50FEE0E-6A33-44D7-B0BF-53229212A170}.Release|Any CPU.Build.0 = Release|Any CPU
		{E50FEE0E-6A33-44D7-B0BF-53229212A170}.Release|Any CPU.Deploy.0 = Release|Any CPU
		{E50FEE0E-6A33-44D7-B0BF-53229212A170}.Release|ARM.ActiveCfg = Release|Any CPU
		{E50FEE0E-6A33-44D7-B0BF-53229212A170}.Release|ARM.Build.0 = Release|Any CPU
		{E50FEE0E-6A33-44D7-B0BF-53229212A170}.Release|ARM.Deploy.0 = Release|Any CPU
		{E50FEE0E-6A33-44D7-B0BF-53229212A170}.Release|iPhone.ActiveCfg = Release|Any CPU
		{E50FEE0E-6A33-44D7-B0BF-53229212A170}.Release|iPhone.Build.0 = Release|Any CPU
		{E50FEE0E-6A33-44D7-B0BF-53229212A170}.Release|iPhone.Deploy.0 = Release|Any CPU
		{E50FEE0E-6A33-44D7-B0BF-53229212A170}.Release|iPhoneSimulator.ActiveCfg = Release|Any CPU
		{E50FEE0E-6A33-44D7-B0BF-53229212A170}.Release|iPhoneSimulator.Build.0 = Release|Any CPU
		{E50FEE0E-6A33-44D7-B0BF-53229212A170}.Release|iPhoneSimulator.Deploy.0 = Release|Any CPU
		{E50FEE0E-6A33-44D7-B0BF-53229212A170}.Release|x64.ActiveCfg = Release|Any CPU
		{E50FEE0E-6A33-44D7-B0BF-53229212A170}.Release|x64.Build.0 = Release|Any CPU
		{E50FEE0E-6A33-44D7-B0BF-53229212A170}.Release|x64.Deploy.0 = Release|Any CPU
		{E50FEE0E-6A33-44D7-B0BF-53229212A170}.Release|x86.ActiveCfg = Release|Any CPU
		{E50FEE0E-6A33-44D7-B0BF-53229212A170}.Release|x86.Build.0 = Release|Any CPU
		{E50FEE0E-6A33-44D7-B0BF-53229212A170}.Release|x86.Deploy.0 = Release|Any CPU
		{E5919CFE-D1E3-41CE-9626-FB90B808A6D0}.Ad-Hoc|Any CPU.ActiveCfg = Ad-Hoc|iPhone
		{E5919CFE-D1E3-41CE-9626-FB90B808A6D0}.Ad-Hoc|ARM.ActiveCfg = Ad-Hoc|iPhone
		{E5919CFE-D1E3-41CE-9626-FB90B808A6D0}.Ad-Hoc|iPhone.ActiveCfg = Ad-Hoc|iPhone
		{E5919CFE-D1E3-41CE-9626-FB90B808A6D0}.Ad-Hoc|iPhone.Build.0 = Ad-Hoc|iPhone
		{E5919CFE-D1E3-41CE-9626-FB90B808A6D0}.Ad-Hoc|iPhoneSimulator.ActiveCfg = Ad-Hoc|iPhoneSimulator
		{E5919CFE-D1E3-41CE-9626-FB90B808A6D0}.Ad-Hoc|iPhoneSimulator.Build.0 = Ad-Hoc|iPhoneSimulator
		{E5919CFE-D1E3-41CE-9626-FB90B808A6D0}.Ad-Hoc|x64.ActiveCfg = Ad-Hoc|iPhone
		{E5919CFE-D1E3-41CE-9626-FB90B808A6D0}.Ad-Hoc|x86.ActiveCfg = Ad-Hoc|iPhone
		{E5919CFE-D1E3-41CE-9626-FB90B808A6D0}.AppStore|Any CPU.ActiveCfg = AppStore|iPhone
		{E5919CFE-D1E3-41CE-9626-FB90B808A6D0}.AppStore|ARM.ActiveCfg = AppStore|iPhone
		{E5919CFE-D1E3-41CE-9626-FB90B808A6D0}.AppStore|iPhone.ActiveCfg = AppStore|iPhone
		{E5919CFE-D1E3-41CE-9626-FB90B808A6D0}.AppStore|iPhone.Build.0 = AppStore|iPhone
		{E5919CFE-D1E3-41CE-9626-FB90B808A6D0}.AppStore|iPhoneSimulator.ActiveCfg = AppStore|iPhoneSimulator
		{E5919CFE-D1E3-41CE-9626-FB90B808A6D0}.AppStore|iPhoneSimulator.Build.0 = AppStore|iPhoneSimulator
		{E5919CFE-D1E3-41CE-9626-FB90B808A6D0}.AppStore|x64.ActiveCfg = AppStore|iPhone
		{E5919CFE-D1E3-41CE-9626-FB90B808A6D0}.AppStore|x86.ActiveCfg = AppStore|iPhone
		{E5919CFE-D1E3-41CE-9626-FB90B808A6D0}.Debug|Any CPU.ActiveCfg = Debug|iPhone
		{E5919CFE-D1E3-41CE-9626-FB90B808A6D0}.Debug|ARM.ActiveCfg = Debug|iPhone
		{E5919CFE-D1E3-41CE-9626-FB90B808A6D0}.Debug|iPhone.ActiveCfg = Debug|iPhone
		{E5919CFE-D1E3-41CE-9626-FB90B808A6D0}.Debug|iPhone.Build.0 = Debug|iPhone
		{E5919CFE-D1E3-41CE-9626-FB90B808A6D0}.Debug|iPhoneSimulator.ActiveCfg = Debug|iPhoneSimulator
		{E5919CFE-D1E3-41CE-9626-FB90B808A6D0}.Debug|iPhoneSimulator.Build.0 = Debug|iPhoneSimulator
		{E5919CFE-D1E3-41CE-9626-FB90B808A6D0}.Debug|x64.ActiveCfg = Debug|iPhone
		{E5919CFE-D1E3-41CE-9626-FB90B808A6D0}.Debug|x86.ActiveCfg = Debug|iPhone
		{E5919CFE-D1E3-41CE-9626-FB90B808A6D0}.Release|Any CPU.ActiveCfg = Release|iPhone
		{E5919CFE-D1E3-41CE-9626-FB90B808A6D0}.Release|ARM.ActiveCfg = Release|iPhone
		{E5919CFE-D1E3-41CE-9626-FB90B808A6D0}.Release|iPhone.ActiveCfg = Release|iPhone
		{E5919CFE-D1E3-41CE-9626-FB90B808A6D0}.Release|iPhone.Build.0 = Release|iPhone
		{E5919CFE-D1E3-41CE-9626-FB90B808A6D0}.Release|iPhoneSimulator.ActiveCfg = Release|iPhoneSimulator
		{E5919CFE-D1E3-41CE-9626-FB90B808A6D0}.Release|iPhoneSimulator.Build.0 = Release|iPhoneSimulator
		{E5919CFE-D1E3-41CE-9626-FB90B808A6D0}.Release|x64.ActiveCfg = Release|iPhone
		{E5919CFE-D1E3-41CE-9626-FB90B808A6D0}.Release|x86.ActiveCfg = Release|iPhone
	EndGlobalSection
	GlobalSection(SolutionProperties) = preSolution
		HideSolutionNode = FALSE
	EndGlobalSection
	GlobalSection(ExtensibilityGlobals) = postSolution
		SolutionGuid = {F13E4F44-DE21-44A6-B5FC-EC3163F34AD1}
	EndGlobalSection
EndGlobal
